
Microsoft Visual Studio Solution File, Format Version 12.00
# Visual Studio Version 17
VisualStudioVersion = 17.2.32630.192
MinimumVisualStudioVersion = 10.0.40219.1
Project("{9A19103F-16F7-4668-BE54-9A1E7A4F7556}") = "DuxCommerce.Web", "DuxCommerce.Web\DuxCommerce.Web.csproj", "{4335ABA4-2CD0-4EEA-A8BD-C8F0213250DA}"
EndProject
Project("{FAE04EC0-301F-11D3-BF4B-00C04F79EFBC}") = "DuxCommerce.Storefront", "DuxCommerce.Storefront\DuxCommerce.Storefront.csproj", "{E7BE8B65-8822-40C0-8EF0-35B2ED2B6A16}"
EndProject
Project("{FAE04EC0-301F-11D3-BF4B-00C04F79EFBC}") = "DuxCommerce.Payments.PayPal", "DuxCommerce.Payments.PayPal\DuxCommerce.Payments.PayPal.csproj", "{D9D48701-1A9B-4ABF-BDC0-170039E68CBF}"
EndProject
Project("{FAE04EC0-301F-11D3-BF4B-00C04F79EFBC}") = "DuxCommerce.Payments.Stripe", "DuxCommerce.Payments.Stripe\DuxCommerce.Payments.Stripe.csproj", "{89EAF8F3-3731-4903-93C5-514012C0B1AA}"
EndProject
Project("{FAE04EC0-301F-11D3-BF4B-00C04F79EFBC}") = "DuxCommerce.Payments.Offline", "DuxCommerce.Payments.Offline\DuxCommerce.Payments.Offline.csproj", "{74346F6D-B85D-47D3-B176-A2386C855214}"
EndProject
Project("{FAE04EC0-301F-11D3-BF4B-00C04F79EFBC}") = "DuxCommerce.OrchardCore", "DuxCommerce.OrchardCore\DuxCommerce.OrchardCore.csproj", "{AC7834CF-CEDD-4380-A3EC-4B89FCB4F556}"
EndProject
Global
	GlobalSection(SolutionConfigurationPlatforms) = preSolution
		Debug|Any CPU = Debug|Any CPU
		Release|Any CPU = Release|Any CPU
	EndGlobalSection
	GlobalSection(ProjectConfigurationPlatforms) = postSolution
		{4335ABA4-2CD0-4EEA-A8BD-C8F0213250DA}.Debug|Any CPU.ActiveCfg = Debug|Any CPU
		{4335ABA4-2CD0-4EEA-A8BD-C8F0213250DA}.Debug|Any CPU.Build.0 = Debug|Any CPU
		{4335ABA4-2CD0-4EEA-A8BD-C8F0213250DA}.Release|Any CPU.ActiveCfg = Release|Any CPU
		{4335ABA4-2CD0-4EEA-A8BD-C8F0213250DA}.Release|Any CPU.Build.0 = Release|Any CPU
		{E7BE8B65-8822-40C0-8EF0-35B2ED2B6A16}.Debug|Any CPU.ActiveCfg = Debug|Any CPU
		{E7BE8B65-8822-40C0-8EF0-35B2ED2B6A16}.Debug|Any CPU.Build.0 = Debug|Any CPU
		{E7BE8B65-8822-40C0-8EF0-35B2ED2B6A16}.Release|Any CPU.ActiveCfg = Release|Any CPU
		{E7BE8B65-8822-40C0-8EF0-35B2ED2B6A16}.Release|Any CPU.Build.0 = Release|Any CPU
		{D9D48701-1A9B-4ABF-BDC0-170039E68CBF}.Debug|Any CPU.ActiveCfg = Debug|Any CPU
		{D9D48701-1A9B-4ABF-BDC0-170039E68CBF}.Debug|Any CPU.Build.0 = Debug|Any CPU
		{D9D48701-1A9B-4ABF-BDC0-170039E68CBF}.Release|Any CPU.ActiveCfg = Release|Any CPU
		{D9D48701-1A9B-4ABF-BDC0-170039E68CBF}.Release|Any CPU.Build.0 = Release|Any CPU
		{89EAF8F3-3731-4903-93C5-514012C0B1AA}.Debug|Any CPU.ActiveCfg = Debug|Any CPU
		{89EAF8F3-3731-4903-93C5-514012C0B1AA}.Debug|Any CPU.Build.0 = Debug|Any CPU
		{89EAF8F3-3731-4903-93C5-514012C0B1AA}.Release|Any CPU.ActiveCfg = Release|Any CPU
		{89EAF8F3-3731-4903-93C5-514012C0B1AA}.Release|Any CPU.Build.0 = Release|Any CPU
		{74346F6D-B85D-47D3-B176-A2386C855214}.Debug|Any CPU.ActiveCfg = Debug|Any CPU
		{74346F6D-B85D-47D3-B176-A2386C855214}.Debug|Any CPU.Build.0 = Debug|Any CPU
		{74346F6D-B85D-47D3-B176-A2386C855214}.Release|Any CPU.ActiveCfg = Release|Any CPU
		{74346F6D-B85D-47D3-B176-A2386C855214}.Release|Any CPU.Build.0 = Release|Any CPU
		{AC7834CF-CEDD-4380-A3EC-4B89FCB4F556}.Debug|Any CPU.ActiveCfg = Debug|Any CPU
		{AC7834CF-CEDD-4380-A3EC-4B89FCB4F556}.Debug|Any CPU.Build.0 = Debug|Any CPU
		{AC7834CF-CEDD-4380-A3EC-4B89FCB4F556}.Release|Any CPU.ActiveCfg = Release|Any CPU
		{AC7834CF-CEDD-4380-A3EC-4B89FCB4F556}.Release|Any CPU.Build.0 = Release|Any CPU
	EndGlobalSection
	GlobalSection(SolutionProperties) = preSolution
		HideSolutionNode = FALSE
	EndGlobalSection
	GlobalSection(ExtensibilityGlobals) = postSolution
		SolutionGuid = {B81DA082-7BA9-4173-89D6-AA9002F0FC43}
	EndGlobalSection
EndGlobal
